
Microsoft Visual Studio Solution File, Format Version 12.00
Project("{FAE04EC0-301F-11D3-BF4B-00C04F79EFBC}") = "BankingSystem", "BankingSystem\BankingSystem.csproj", "{B17B0660-33E8-4A96-80D0-84A7C9A15620}"
EndProject
Global
	GlobalSection(SolutionConfigurationPlatforms) = preSolution
		Debug|Any CPU = Debug|Any CPU
		Release|Any CPU = Release|Any CPU
	EndGlobalSection
	GlobalSection(ProjectConfigurationPlatforms) = postSolution
		{B17B0660-33E8-4A96-80D0-84A7C9A15620}.Debug|Any CPU.ActiveCfg = Debug|Any CPU
		{B17B0660-33E8-4A96-80D0-84A7C9A15620}.Debug|Any CPU.Build.0 = Debug|Any CPU
		{B17B0660-33E8-4A96-80D0-84A7C9A15620}.Release|Any CPU.ActiveCfg = Release|Any CPU
		{B17B0660-33E8-4A96-80D0-84A7C9A15620}.Release|Any CPU.Build.0 = Release|Any CPU
	EndGlobalSection
EndGlobal
